
Microsoft Visual Studio Solution File, Format Version 12.00
# Visual Studio Version 16
VisualStudioVersion = 16.0.31410.357
MinimumVisualStudioVersion = 10.0.40219.1
Project("{FAE04EC0-301F-11D3-BF4B-00C04F79EFBC}") = "SentimentAnalysis", "SentimentAnalysis\SentimentAnalysis.csproj", "{D2FDCB26-8428-47C1-B296-4878EC85F0D9}"
EndProject
Project("{2150E333-8FDC-42A3-9474-1A3956D46DE8}") = "NewFolder1", "NewFolder1", "{518DC9AB-8E18-491E-9C8F-192C07CAEC6F}"
EndProject
Global
	GlobalSection(SolutionConfigurationPlatforms) = preSolution
		Debug|Any CPU = Debug|Any CPU
		Release|Any CPU = Release|Any CPU
	EndGlobalSection
	GlobalSection(ProjectConfigurationPlatforms) = postSolution
		{D2FDCB26-8428-47C1-B296-4878EC85F0D9}.Debug|Any CPU.ActiveCfg = Debug|Any CPU
		{D2FDCB26-8428-47C1-B296-4878EC85F0D9}.Debug|Any CPU.Build.0 = Debug|Any CPU
		{D2FDCB26-8428-47C1-B296-4878EC85F0D9}.Release|Any CPU.ActiveCfg = Release|Any CPU
		{D2FDCB26-8428-47C1-B296-4878EC85F0D9}.Release|Any CPU.Build.0 = Release|Any CPU
	EndGlobalSection
	GlobalSection(SolutionProperties) = preSolution
		HideSolutionNode = FALSE
	EndGlobalSection
	GlobalSection(ExtensibilityGlobals) = postSolution
		SolutionGuid = {E2869C15-AC76-49F6-A9B9-2FD15FB1D1CE}
	EndGlobalSection
EndGlobal
